
Microsoft Visual Studio Solution File, Format Version 12.00
# Visual Studio Version 17
VisualStudioVersion = 17.9.34902.65
MinimumVisualStudioVersion = 10.0.40219.1
Project("{FAE04EC0-301F-11D3-BF4B-00C04F79EFBC}") = "HeightsAuctionApp", "HeightsAuctionApp\HeightsAuctionApp.csproj", "{D40A0F8F-B098-460E-BB64-77C70EF4096B}"
EndProject
Project("{FAE04EC0-301F-11D3-BF4B-00C04F79EFBC}") = "HeightsAuction.DAL", "HeightsAuction.DAL\HeightsAuction.DAL.csproj", "{81FCA5CF-BC8E-4A06-A190-AE88E2F5FD19}"
EndProject
Project("{FAE04EC0-301F-11D3-BF4B-00C04F79EFBC}") = "HeightsAuction.BLL", "HeightsAuction.BLL\HeightsAuction.BLL.csproj", "{2C1EDED7-3831-4CA1-9D2E-AFC262C6C7D6}"
EndProject
Global
	GlobalSection(SolutionConfigurationPlatforms) = preSolution
		Debug|Any CPU = Debug|Any CPU
		Release|Any CPU = Release|Any CPU
	EndGlobalSection
	GlobalSection(ProjectConfigurationPlatforms) = postSolution
		{D40A0F8F-B098-460E-BB64-77C70EF4096B}.Debug|Any CPU.ActiveCfg = Debug|Any CPU
		{D40A0F8F-B098-460E-BB64-77C70EF4096B}.Debug|Any CPU.Build.0 = Debug|Any CPU
		{D40A0F8F-B098-460E-BB64-77C70EF4096B}.Release|Any CPU.ActiveCfg = Release|Any CPU
		{D40A0F8F-B098-460E-BB64-77C70EF4096B}.Release|Any CPU.Build.0 = Release|Any CPU
		{81FCA5CF-BC8E-4A06-A190-AE88E2F5FD19}.Debug|Any CPU.ActiveCfg = Debug|Any CPU
		{81FCA5CF-BC8E-4A06-A190-AE88E2F5FD19}.Debug|Any CPU.Build.0 = Debug|Any CPU
		{81FCA5CF-BC8E-4A06-A190-AE88E2F5FD19}.Release|Any CPU.ActiveCfg = Release|Any CPU
		{81FCA5CF-BC8E-4A06-A190-AE88E2F5FD19}.Release|Any CPU.Build.0 = Release|Any CPU
		{2C1EDED7-3831-4CA1-9D2E-AFC262C6C7D6}.Debug|Any CPU.ActiveCfg = Debug|Any CPU
		{2C1EDED7-3831-4CA1-9D2E-AFC262C6C7D6}.Debug|Any CPU.Build.0 = Debug|Any CPU
		{2C1EDED7-3831-4CA1-9D2E-AFC262C6C7D6}.Release|Any CPU.ActiveCfg = Release|Any CPU
		{2C1EDED7-3831-4CA1-9D2E-AFC262C6C7D6}.Release|Any CPU.Build.0 = Release|Any CPU
	EndGlobalSection
	GlobalSection(SolutionProperties) = preSolution
		HideSolutionNode = FALSE
	EndGlobalSection
	GlobalSection(ExtensibilityGlobals) = postSolution
		SolutionGuid = {3313DC80-77CE-4F04-8CB2-45D2F9B03D3A}
	EndGlobalSection
EndGlobal
